
Microsoft Visual Studio Solution File, Format Version 12.00
# Visual Studio Version 17
VisualStudioVersion = 17.3.32825.248
MinimumVisualStudioVersion = 10.0.40219.1
Project("{8BC9CEB8-8B4A-11D0-8D11-00A0C91BC942}") = "Laba 5. Zadanie 3", "Laba 5. Zadanie 3\Laba 5. Zadanie 3.vcxproj", "{6DC5F731-71D1-45E3-ABC0-2749D59533FF}"
EndProject
Global
	GlobalSection(SolutionConfigurationPlatforms) = preSolution
		Debug|x64 = Debug|x64
		Debug|x86 = Debug|x86
		Release|x64 = Release|x64
		Release|x86 = Release|x86
	EndGlobalSection
	GlobalSection(ProjectConfigurationPlatforms) = postSolution
		{6DC5F731-71D1-45E3-ABC0-2749D59533FF}.Debug|x64.ActiveCfg = Debug|x64
		{6DC5F731-71D1-45E3-ABC0-2749D59533FF}.Debug|x64.Build.0 = Debug|x64
		{6DC5F731-71D1-45E3-ABC0-2749D59533FF}.Debug|x86.ActiveCfg = Debug|Win32
		{6DC5F731-71D1-45E3-ABC0-2749D59533FF}.Debug|x86.Build.0 = Debug|Win32
		{6DC5F731-71D1-45E3-ABC0-2749D59533FF}.Release|x64.ActiveCfg = Release|x64
		{6DC5F731-71D1-45E3-ABC0-2749D59533FF}.Release|x64.Build.0 = Release|x64
		{6DC5F731-71D1-45E3-ABC0-2749D59533FF}.Release|x86.ActiveCfg = Release|Win32
		{6DC5F731-71D1-45E3-ABC0-2749D59533FF}.Release|x86.Build.0 = Release|Win32
	EndGlobalSection
	GlobalSection(SolutionProperties) = preSolution
		HideSolutionNode = FALSE
	EndGlobalSection
	GlobalSection(ExtensibilityGlobals) = postSolution
		SolutionGuid = {50D76A51-6E81-40DE-B0C3-509E26CB2988}
	EndGlobalSection
EndGlobal
